# This file was autogenerated by Stack.
# You should not edit this file by hand.
# For more information, please see the documentation at:
#   https://docs.haskellstack.org/en/stable/lock_files

packages:
- completed:
    hackage: freer-0.2.4.1@sha256:f8650d4787f0909b7887188f0f1ff84ead5f5932d4c3a2d3e49120b7d95b3c5d,3221
    pantry-tree:
      sha256: 72cfa2d46da31f281a2337dfef9d863cd3b919a561d07230fda44cf5b811953e
      size: 2422
  original:
    hackage: freer-0.2.4.1
snapshots:
- completed:
    sha256: 6f0bea3ba5b07360f25bc886e8cff8d847767557a492a6f7f6dcb06e3cc79ee9
    size: 712905
    url: https://raw.githubusercontent.com/commercialhaskell/stackage-snapshots/master/lts/22/13.yaml
  original: lts-22.13
